
Microsoft Visual Studio Solution File, Format Version 12.00
# Visual Studio Version 17
VisualStudioVersion = 17.0.31903.59
MinimumVisualStudioVersion = 10.0.40219.1
Project("{FAE04EC0-301F-11D3-BF4B-00C04F79EFBC}") = "API", "API\API.csproj", "{C39794B5-9BBE-47AD-B354-A1B2D80EBBCF}"
EndProject
Project("{FAE04EC0-301F-11D3-BF4B-00C04F79EFBC}") = "Application", "Application\Application.csproj", "{AB065776-812C-44FA-9A44-3D5A80228E99}"
EndProject
Project("{FAE04EC0-301F-11D3-BF4B-00C04F79EFBC}") = "Domain", "Domain\Domain.csproj", "{8E53F8F7-AD09-44E0-BF4D-1CB885DA973B}"
EndProject
Project("{FAE04EC0-301F-11D3-BF4B-00C04F79EFBC}") = "Persistence", "Persistence\Persistence.csproj", "{49F98C77-B1A0-42CA-8CBD-56A0BB3D5E93}"
EndProject
Global
	GlobalSection(SolutionConfigurationPlatforms) = preSolution
		Debug|Any CPU = Debug|Any CPU
		Release|Any CPU = Release|Any CPU
	EndGlobalSection
	GlobalSection(SolutionProperties) = preSolution
		HideSolutionNode = FALSE
	EndGlobalSection
	GlobalSection(ProjectConfigurationPlatforms) = postSolution
		{C39794B5-9BBE-47AD-B354-A1B2D80EBBCF}.Debug|Any CPU.ActiveCfg = Debug|Any CPU
		{C39794B5-9BBE-47AD-B354-A1B2D80EBBCF}.Debug|Any CPU.Build.0 = Debug|Any CPU
		{C39794B5-9BBE-47AD-B354-A1B2D80EBBCF}.Release|Any CPU.ActiveCfg = Release|Any CPU
		{C39794B5-9BBE-47AD-B354-A1B2D80EBBCF}.Release|Any CPU.Build.0 = Release|Any CPU
		{AB065776-812C-44FA-9A44-3D5A80228E99}.Debug|Any CPU.ActiveCfg = Debug|Any CPU
		{AB065776-812C-44FA-9A44-3D5A80228E99}.Debug|Any CPU.Build.0 = Debug|Any CPU
		{AB065776-812C-44FA-9A44-3D5A80228E99}.Release|Any CPU.ActiveCfg = Release|Any CPU
		{AB065776-812C-44FA-9A44-3D5A80228E99}.Release|Any CPU.Build.0 = Release|Any CPU
		{8E53F8F7-AD09-44E0-BF4D-1CB885DA973B}.Debug|Any CPU.ActiveCfg = Debug|Any CPU
		{8E53F8F7-AD09-44E0-BF4D-1CB885DA973B}.Debug|Any CPU.Build.0 = Debug|Any CPU
		{8E53F8F7-AD09-44E0-BF4D-1CB885DA973B}.Release|Any CPU.ActiveCfg = Release|Any CPU
		{8E53F8F7-AD09-44E0-BF4D-1CB885DA973B}.Release|Any CPU.Build.0 = Release|Any CPU
		{49F98C77-B1A0-42CA-8CBD-56A0BB3D5E93}.Debug|Any CPU.ActiveCfg = Debug|Any CPU
		{49F98C77-B1A0-42CA-8CBD-56A0BB3D5E93}.Debug|Any CPU.Build.0 = Debug|Any CPU
		{49F98C77-B1A0-42CA-8CBD-56A0BB3D5E93}.Release|Any CPU.ActiveCfg = Release|Any CPU
		{49F98C77-B1A0-42CA-8CBD-56A0BB3D5E93}.Release|Any CPU.Build.0 = Release|Any CPU
	EndGlobalSection
EndGlobal